
Microsoft Visual Studio Solution File, Format Version 12.00
# Visual Studio Version 16
VisualStudioVersion = 16.0.31702.278
MinimumVisualStudioVersion = 10.0.40219.1
Project("{FAE04EC0-301F-11D3-BF4B-00C04F79EFBC}") = "BestRedactor", "BestRedactor\BestRedactor.csproj", "{55436805-DA02-4CFC-9984-CB180D7A72A0}"
EndProject
Global
	GlobalSection(SolutionConfigurationPlatforms) = preSolution
		Debug|Any CPU = Debug|Any CPU
		Release|Any CPU = Release|Any CPU
	EndGlobalSection
	GlobalSection(ProjectConfigurationPlatforms) = postSolution
		{55436805-DA02-4CFC-9984-CB180D7A72A0}.Debug|Any CPU.ActiveCfg = Debug|Any CPU
		{55436805-DA02-4CFC-9984-CB180D7A72A0}.Debug|Any CPU.Build.0 = Debug|Any CPU
		{55436805-DA02-4CFC-9984-CB180D7A72A0}.Release|Any CPU.ActiveCfg = Release|Any CPU
		{55436805-DA02-4CFC-9984-CB180D7A72A0}.Release|Any CPU.Build.0 = Release|Any CPU
	EndGlobalSection
	GlobalSection(SolutionProperties) = preSolution
		HideSolutionNode = FALSE
	EndGlobalSection
	GlobalSection(ExtensibilityGlobals) = postSolution
		SolutionGuid = {C829082E-2C4A-45B6-953D-8655F37F0C0F}
	EndGlobalSection
EndGlobal
